// !$*UTF8*$!
{
	archiveVersion = 1;
	classes = {
	};
	objectVersion = 46;
	objects = {

/* Begin PBXBuildFile section */
		4F01C29015715DF4004371F1 /* planes.xml in Resources */ = {isa = PBXBuildFile; fileRef = 4F01C28F15715DF4004371F1 /* planes.xml */; };
		4F01C29115715DF4004371F1 /* planes.xml in Resources */ = {isa = PBXBuildFile; fileRef = 4F01C28F15715DF4004371F1 /* planes.xml */; };
		4F1197FF15716412004E61F2 /* PlanesXMLLoader.m in Sources */ = {isa = PBXBuildFile; fileRef = 4F1197FE15716412004E61F2 /* PlanesXMLLoader.m */; };
		4F11980215716FBF004E61F2 /* PlaneCard.m in Sources */ = {isa = PBXBuildFile; fileRef = 4F11980115716FBF004E61F2 /* PlaneCard.m */; };
		4F11980415718C95004E61F2 /* the-aether-flues.jpeg in Resources */ = {isa = PBXBuildFile; fileRef = 4F11980315718C95004E61F2 /* the-aether-flues.jpeg */; };
		4F11982E15719463004E61F2 /* tember-city.jpeg in Resources */ = {isa = PBXBuildFile; fileRef = 4F11980515719463004E61F2 /* tember-city.jpeg */; };
		4F11982F15719463004E61F2 /* mirrored-depths.jpeg in Resources */ = {isa = PBXBuildFile; fileRef = 4F11980615719463004E61F2 /* mirrored-depths.jpeg */; };
		4F11983015719463004E61F2 /* horizon-boughs-gateway-promo.jpeg in Resources */ = {isa = PBXBuildFile; fileRef = 4F11980715719463004E61F2 /* horizon-boughs-gateway-promo.jpeg */; };
		4F11983115719463004E61F2 /* celestine-reef-pre-release-promo.jpeg in Resources */ = {isa = PBXBuildFile; fileRef = 4F11980815719463004E61F2 /* celestine-reef-pre-release-promo.jpeg */; };
		4F11983215719463004E61F2 /* tazeem-release-promo.jpeg in Resources */ = {isa = PBXBuildFile; fileRef = 4F11980915719463004E61F2 /* tazeem-release-promo.jpeg */; };
		4F11983315719463004E61F2 /* velis-vel.jpeg in Resources */ = {isa = PBXBuildFile; fileRef = 4F11980A15719463004E61F2 /* velis-vel.jpeg */; };
		4F11983415719463004E61F2 /* undercity-reaches.jpeg in Resources */ = {isa = PBXBuildFile; fileRef = 4F11980B15719463004E61F2 /* undercity-reaches.jpeg */; };
		4F11983515719463004E61F2 /* turri-island.jpeg in Resources */ = {isa = PBXBuildFile; fileRef = 4F11980C15719463004E61F2 /* turri-island.jpeg */; };
		4F11983615719463004E61F2 /* stronghold-furnace.jpeg in Resources */ = {isa = PBXBuildFile; fileRef = 4F11980D15719463004E61F2 /* stronghold-furnace.jpeg */; };
		4F11983715719463004E61F2 /* sokenzan.jpeg in Resources */ = {isa = PBXBuildFile; fileRef = 4F11980E15719463004E61F2 /* sokenzan.jpeg */; };
		4F11983815719463004E61F2 /* skybreen.jpeg in Resources */ = {isa = PBXBuildFile; fileRef = 4F11980F15719463004E61F2 /* skybreen.jpeg */; };
		4F11983915719463004E61F2 /* shiv.jpeg in Resources */ = {isa = PBXBuildFile; fileRef = 4F11981015719463004E61F2 /* shiv.jpeg */; };
		4F11983A15719463004E61F2 /* sea-of-sand.jpeg in Resources */ = {isa = PBXBuildFile; fileRef = 4F11981115719463004E61F2 /* sea-of-sand.jpeg */; };
		4F11983B15719463004E61F2 /* sanctum-of-serra.jpeg in Resources */ = {isa = PBXBuildFile; fileRef = 4F11981215719463004E61F2 /* sanctum-of-serra.jpeg */; };
		4F11983C15719463004E61F2 /* ravens-run.jpeg in Resources */ = {isa = PBXBuildFile; fileRef = 4F11981315719463004E61F2 /* ravens-run.jpeg */; };
		4F11983D15719463004E61F2 /* pools-of-becoming.jpeg in Resources */ = {isa = PBXBuildFile; fileRef = 4F11981415719463004E61F2 /* pools-of-becoming.jpeg */; };
		4F11983E15719463004E61F2 /* panopticon.jpeg in Resources */ = {isa = PBXBuildFile; fileRef = 4F11981515719463004E61F2 /* panopticon.jpeg */; };
		4F11983F15719463004E61F2 /* otaria.jpeg in Resources */ = {isa = PBXBuildFile; fileRef = 4F11981615719463004E61F2 /* otaria.jpeg */; };
		4F11984015719463004E61F2 /* naya.jpeg in Resources */ = {isa = PBXBuildFile; fileRef = 4F11981715719463004E61F2 /* naya.jpeg */; };
		4F11984115719463004E61F2 /* naar-isle.jpeg in Resources */ = {isa = PBXBuildFile; fileRef = 4F11981815719463004E61F2 /* naar-isle.jpeg */; };
		4F11984215719463004E61F2 /* murasa.jpeg in Resources */ = {isa = PBXBuildFile; fileRef = 4F11981915719463004E61F2 /* murasa.jpeg */; };
		4F11984315719463004E61F2 /* the-maelstrom.jpeg in Resources */ = {isa = PBXBuildFile; fileRef = 4F11981A15719463004E61F2 /* the-maelstrom.jpeg */; };
		4F11984415719463004E61F2 /* lethe-lake.jpeg in Resources */ = {isa = PBXBuildFile; fileRef = 4F11981B15719463004E61F2 /* lethe-lake.jpeg */; };
		4F11984515719463004E61F2 /* krosa.jpeg in Resources */ = {isa = PBXBuildFile; fileRef = 4F11981C15719463004E61F2 /* krosa.jpeg */; };
		4F11984615719463004E61F2 /* izzet-steam-maze.jpeg in Resources */ = {isa = PBXBuildFile; fileRef = 4F11981D15719463004E61F2 /* izzet-steam-maze.jpeg */; };
		4F11984715719463004E61F2 /* isle-of-vesuva.jpeg in Resources */ = {isa = PBXBuildFile; fileRef = 4F11981E15719463004E61F2 /* isle-of-vesuva.jpeg */; };
		4F11984815719463004E61F2 /* immersturm.jpeg in Resources */ = {isa = PBXBuildFile; fileRef = 4F11981F15719463004E61F2 /* immersturm.jpeg */; };
		4F11984915719463004E61F2 /* the-hippodrome.jpeg in Resources */ = {isa = PBXBuildFile; fileRef = 4F11982015719463004E61F2 /* the-hippodrome.jpeg */; };
		4F11984A15719463004E61F2 /* grixis.jpeg in Resources */ = {isa = PBXBuildFile; fileRef = 4F11982115719463004E61F2 /* grixis.jpeg */; };
		4F11984B15719463004E61F2 /* the-great-forest.jpeg in Resources */ = {isa = PBXBuildFile; fileRef = 4F11982215719463004E61F2 /* the-great-forest.jpeg */; };
		4F11984C15719463004E61F2 /* goldmeadow.jpeg in Resources */ = {isa = PBXBuildFile; fileRef = 4F11982315719463004E61F2 /* goldmeadow.jpeg */; };
		4F11984D15719463004E61F2 /* glimmervoid-basin.jpeg in Resources */ = {isa = PBXBuildFile; fileRef = 4F11982415719463004E61F2 /* glimmervoid-basin.jpeg */; };
		4F11984E15719463004E61F2 /* the-fourth-sphere.jpeg in Resources */ = {isa = PBXBuildFile; fileRef = 4F11982515719463004E61F2 /* the-fourth-sphere.jpeg */; };
		4F11984F15719463004E61F2 /* fields-of-summer.jpeg in Resources */ = {isa = PBXBuildFile; fileRef = 4F11982615719463004E61F2 /* fields-of-summer.jpeg */; };
		4F11985015719463004E61F2 /* feeding-grounds.jpeg in Resources */ = {isa = PBXBuildFile; fileRef = 4F11982715719463004E61F2 /* feeding-grounds.jpeg */; };
		4F11985115719463004E61F2 /* the-eon-fog.jpeg in Resources */ = {isa = PBXBuildFile; fileRef = 4F11982815719463004E61F2 /* the-eon-fog.jpeg */; };
		4F11985215719463004E61F2 /* eloren-wilds.jpeg in Resources */ = {isa = PBXBuildFile; fileRef = 4F11982915719463004E61F2 /* eloren-wilds.jpeg */; };
		4F11985315719463004E61F2 /* the-dark-barony.jpeg in Resources */ = {isa = PBXBuildFile; fileRef = 4F11982A15719463004E61F2 /* the-dark-barony.jpeg */; };
		4F11985415719463004E61F2 /* cliffside-market.jpeg in Resources */ = {isa = PBXBuildFile; fileRef = 4F11982B15719463004E61F2 /* cliffside-market.jpeg */; };
		4F11985515719463004E61F2 /* bant.jpeg in Resources */ = {isa = PBXBuildFile; fileRef = 4F11982C15719463004E61F2 /* bant.jpeg */; };
		4F11985615719463004E61F2 /* agyrem.jpeg in Resources */ = {isa = PBXBuildFile; fileRef = 4F11982D15719463004E61F2 /* agyrem.jpeg */; };
		4FA428F615706FAF0050B09F /* academy-at-tolaria-west.jpeg in Resources */ = {isa = PBXBuildFile; fileRef = 4FA428F115706FAF0050B09F /* academy-at-tolaria-west.jpeg */; };
		4FA428F715706FAF0050B09F /* llanowar.jpeg in Resources */ = {isa = PBXBuildFile; fileRef = 4FA428F215706FAF0050B09F /* llanowar.jpeg */; };
		4FA428F815706FAF0050B09F /* minamo.jpeg in Resources */ = {isa = PBXBuildFile; fileRef = 4FA428F315706FAF0050B09F /* minamo.jpeg */; };
		4FA428F915706FAF0050B09F /* planechase-logo.jpeg in Resources */ = {isa = PBXBuildFile; fileRef = 4FA428F415706FAF0050B09F /* planechase-logo.jpeg */; };
		4FA428FA15706FAF0050B09F /* Planeswalker_symbol_bw.png in Resources */ = {isa = PBXBuildFile; fileRef = 4FA428F515706FAF0050B09F /* Planeswalker_symbol_bw.png */; };
		4FB99B22157061C600E735E4 /* PlanesDeck.m in Sources */ = {isa = PBXBuildFile; fileRef = 4FB99B21157061C600E735E4 /* PlanesDeck.m */; };
		4FE04DD81570547D00577B49 /* Cocoa.framework in Frameworks */ = {isa = PBXBuildFile; fileRef = 4FE04DD71570547D00577B49 /* Cocoa.framework */; };
		4FE04DE21570547D00577B49 /* InfoPlist.strings in Resources */ = {isa = PBXBuildFile; fileRef = 4FE04DE01570547D00577B49 /* InfoPlist.strings */; };
		4FE04DE41570547D00577B49 /* main.m in Sources */ = {isa = PBXBuildFile; fileRef = 4FE04DE31570547D00577B49 /* main.m */; };
		4FE04DE81570547D00577B49 /* Credits.rtf in Resources */ = {isa = PBXBuildFile; fileRef = 4FE04DE61570547D00577B49 /* Credits.rtf */; };
		4FE04DEB1570547D00577B49 /* AppDelegate.m in Sources */ = {isa = PBXBuildFile; fileRef = 4FE04DEA1570547D00577B49 /* AppDelegate.m */; };
		4FE04DEE1570547D00577B49 /* MainMenu.xib in Resources */ = {isa = PBXBuildFile; fileRef = 4FE04DEC1570547D00577B49 /* MainMenu.xib */; };
		4FE04DF61570547D00577B49 /* SenTestingKit.framework in Frameworks */ = {isa = PBXBuildFile; fileRef = 4FE04DF51570547D00577B49 /* SenTestingKit.framework */; };
		4FE04DF71570547D00577B49 /* Cocoa.framework in Frameworks */ = {isa = PBXBuildFile; fileRef = 4FE04DD71570547D00577B49 /* Cocoa.framework */; };
		4FE04DFF1570547D00577B49 /* InfoPlist.strings in Resources */ = {isa = PBXBuildFile; fileRef = 4FE04DFD1570547D00577B49 /* InfoPlist.strings */; };
		4FE04E021570547D00577B49 /* iChasePlanesTests.m in Sources */ = {isa = PBXBuildFile; fileRef = 4FE04E011570547D00577B49 /* iChasePlanesTests.m */; };
/* End PBXBuildFile section */

/* Begin PBXContainerItemProxy section */
		4FE04DF81570547D00577B49 /* PBXContainerItemProxy */ = {
			isa = PBXContainerItemProxy;
			containerPortal = 4FE04DCA1570547D00577B49 /* Project object */;
			proxyType = 1;
			remoteGlobalIDString = 4FE04DD21570547D00577B49;
			remoteInfo = iChasePlanes;
		};
/* End PBXContainerItemProxy section */

/* Begin PBXFileReference section */
		4F01C28F15715DF4004371F1 /* planes.xml */ = {isa = PBXFileReference; fileEncoding = 4; lastKnownFileType = text.xml; path = planes.xml; sourceTree = "<group>"; };
		4F1197FD15716412004E61F2 /* PlanesXMLLoader.h */ = {isa = PBXFileReference; fileEncoding = 4; lastKnownFileType = sourcecode.c.h; path = PlanesXMLLoader.h; sourceTree = "<group>"; };
		4F1197FE15716412004E61F2 /* PlanesXMLLoader.m */ = {isa = PBXFileReference; fileEncoding = 4; lastKnownFileType = sourcecode.c.objc; path = PlanesXMLLoader.m; sourceTree = "<group>"; };
		4F11980015716FBF004E61F2 /* PlaneCard.h */ = {isa = PBXFileReference; fileEncoding = 4; lastKnownFileType = sourcecode.c.h; path = PlaneCard.h; sourceTree = "<group>"; };
		4F11980115716FBF004E61F2 /* PlaneCard.m */ = {isa = PBXFileReference; fileEncoding = 4; lastKnownFileType = sourcecode.c.objc; path = PlaneCard.m; sourceTree = "<group>"; };
		4F11980315718C95004E61F2 /* the-aether-flues.jpeg */ = {isa = PBXFileReference; lastKnownFileType = image.jpeg; path = "the-aether-flues.jpeg"; sourceTree = "<group>"; };
		4F11980515719463004E61F2 /* tember-city.jpeg */ = {isa = PBXFileReference; lastKnownFileType = image.jpeg; path = "tember-city.jpeg"; sourceTree = "<group>"; };
		4F11980615719463004E61F2 /* mirrored-depths.jpeg */ = {isa = PBXFileReference; lastKnownFileType = image.jpeg; path = "mirrored-depths.jpeg"; sourceTree = "<group>"; };
		4F11980715719463004E61F2 /* horizon-boughs-gateway-promo.jpeg */ = {isa = PBXFileReference; lastKnownFileType = image.jpeg; path = "horizon-boughs-gateway-promo.jpeg"; sourceTree = "<group>"; };
		4F11980815719463004E61F2 /* celestine-reef-pre-release-promo.jpeg */ = {isa = PBXFileReference; lastKnownFileType = image.jpeg; path = "celestine-reef-pre-release-promo.jpeg"; sourceTree = "<group>"; };
		4F11980915719463004E61F2 /* tazeem-release-promo.jpeg */ = {isa = PBXFileReference; lastKnownFileType = image.jpeg; path = "tazeem-release-promo.jpeg"; sourceTree = "<group>"; };
		4F11980A15719463004E61F2 /* velis-vel.jpeg */ = {isa = PBXFileReference; lastKnownFileType = image.jpeg; path = "velis-vel.jpeg"; sourceTree = "<group>"; };
		4F11980B15719463004E61F2 /* undercity-reaches.jpeg */ = {isa = PBXFileReference; lastKnownFileType = image.jpeg; path = "undercity-reaches.jpeg"; sourceTree = "<group>"; };
		4F11980C15719463004E61F2 /* turri-island.jpeg */ = {isa = PBXFileReference; lastKnownFileType = image.jpeg; path = "turri-island.jpeg"; sourceTree = "<group>"; };
		4F11980D15719463004E61F2 /* stronghold-furnace.jpeg */ = {isa = PBXFileReference; lastKnownFileType = image.jpeg; path = "stronghold-furnace.jpeg"; sourceTree = "<group>"; };
		4F11980E15719463004E61F2 /* sokenzan.jpeg */ = {isa = PBXFileReference; lastKnownFileType = image.jpeg; path = sokenzan.jpeg; sourceTree = "<group>"; };
		4F11980F15719463004E61F2 /* skybreen.jpeg */ = {isa = PBXFileReference; lastKnownFileType = image.jpeg; path = skybreen.jpeg; sourceTree = "<group>"; };
		4F11981015719463004E61F2 /* shiv.jpeg */ = {isa = PBXFileReference; lastKnownFileType = image.jpeg; path = shiv.jpeg; sourceTree = "<group>"; };
		4F11981115719463004E61F2 /* sea-of-sand.jpeg */ = {isa = PBXFileReference; lastKnownFileType = image.jpeg; path = "sea-of-sand.jpeg"; sourceTree = "<group>"; };
		4F11981215719463004E61F2 /* sanctum-of-serra.jpeg */ = {isa = PBXFileReference; lastKnownFileType = image.jpeg; path = "sanctum-of-serra.jpeg"; sourceTree = "<group>"; };
		4F11981315719463004E61F2 /* ravens-run.jpeg */ = {isa = PBXFileReference; lastKnownFileType = image.jpeg; path = "ravens-run.jpeg"; sourceTree = "<group>"; };
		4F11981415719463004E61F2 /* pools-of-becoming.jpeg */ = {isa = PBXFileReference; lastKnownFileType = image.jpeg; path = "pools-of-becoming.jpeg"; sourceTree = "<group>"; };
		4F11981515719463004E61F2 /* panopticon.jpeg */ = {isa = PBXFileReference; lastKnownFileType = image.jpeg; path = panopticon.jpeg; sourceTree = "<group>"; };
		4F11981615719463004E61F2 /* otaria.jpeg */ = {isa = PBXFileReference; lastKnownFileType = image.jpeg; path = otaria.jpeg; sourceTree = "<group>"; };
		4F11981715719463004E61F2 /* naya.jpeg */ = {isa = PBXFileReference; lastKnownFileType = image.jpeg; path = naya.jpeg; sourceTree = "<group>"; };
		4F11981815719463004E61F2 /* naar-isle.jpeg */ = {isa = PBXFileReference; lastKnownFileType = image.jpeg; path = "naar-isle.jpeg"; sourceTree = "<group>"; };
		4F11981915719463004E61F2 /* murasa.jpeg */ = {isa = PBXFileReference; lastKnownFileType = image.jpeg; path = murasa.jpeg; sourceTree = "<group>"; };
		4F11981A15719463004E61F2 /* the-maelstrom.jpeg */ = {isa = PBXFileReference; lastKnownFileType = image.jpeg; path = "the-maelstrom.jpeg"; sourceTree = "<group>"; };
		4F11981B15719463004E61F2 /* lethe-lake.jpeg */ = {isa = PBXFileReference; lastKnownFileType = image.jpeg; path = "lethe-lake.jpeg"; sourceTree = "<group>"; };
		4F11981C15719463004E61F2 /* krosa.jpeg */ = {isa = PBXFileReference; lastKnownFileType = image.jpeg; path = krosa.jpeg; sourceTree = "<group>"; };
		4F11981D15719463004E61F2 /* izzet-steam-maze.jpeg */ = {isa = PBXFileReference; lastKnownFileType = image.jpeg; path = "izzet-steam-maze.jpeg"; sourceTree = "<group>"; };
		4F11981E15719463004E61F2 /* isle-of-vesuva.jpeg */ = {isa = PBXFileReference; lastKnownFileType = image.jpeg; path = "isle-of-vesuva.jpeg"; sourceTree = "<group>"; };
		4F11981F15719463004E61F2 /* immersturm.jpeg */ = {isa = PBXFileReference; lastKnownFileType = image.jpeg; path = immersturm.jpeg; sourceTree = "<group>"; };
		4F11982015719463004E61F2 /* the-hippodrome.jpeg */ = {isa = PBXFileReference; lastKnownFileType = image.jpeg; path = "the-hippodrome.jpeg"; sourceTree = "<group>"; };
		4F11982115719463004E61F2 /* grixis.jpeg */ = {isa = PBXFileReference; lastKnownFileType = image.jpeg; path = grixis.jpeg; sourceTree = "<group>"; };
		4F11982215719463004E61F2 /* the-great-forest.jpeg */ = {isa = PBXFileReference; lastKnownFileType = image.jpeg; path = "the-great-forest.jpeg"; sourceTree = "<group>"; };
		4F11982315719463004E61F2 /* goldmeadow.jpeg */ = {isa = PBXFileReference; lastKnownFileType = image.jpeg; path = goldmeadow.jpeg; sourceTree = "<group>"; };
		4F11982415719463004E61F2 /* glimmervoid-basin.jpeg */ = {isa = PBXFileReference; lastKnownFileType = image.jpeg; path = "glimmervoid-basin.jpeg"; sourceTree = "<group>"; };
		4F11982515719463004E61F2 /* the-fourth-sphere.jpeg */ = {isa = PBXFileReference; lastKnownFileType = image.jpeg; path = "the-fourth-sphere.jpeg"; sourceTree = "<group>"; };
		4F11982615719463004E61F2 /* fields-of-summer.jpeg */ = {isa = PBXFileReference; lastKnownFileType = image.jpeg; path = "fields-of-summer.jpeg"; sourceTree = "<group>"; };
		4F11982715719463004E61F2 /* feeding-grounds.jpeg */ = {isa = PBXFileReference; lastKnownFileType = image.jpeg; path = "feeding-grounds.jpeg"; sourceTree = "<group>"; };
		4F11982815719463004E61F2 /* the-eon-fog.jpeg */ = {isa = PBXFileReference; lastKnownFileType = image.jpeg; path = "the-eon-fog.jpeg"; sourceTree = "<group>"; };
		4F11982915719463004E61F2 /* eloren-wilds.jpeg */ = {isa = PBXFileReference; lastKnownFileType = image.jpeg; path = "eloren-wilds.jpeg"; sourceTree = "<group>"; };
		4F11982A15719463004E61F2 /* the-dark-barony.jpeg */ = {isa = PBXFileReference; lastKnownFileType = image.jpeg; path = "the-dark-barony.jpeg"; sourceTree = "<group>"; };
		4F11982B15719463004E61F2 /* cliffside-market.jpeg */ = {isa = PBXFileReference; lastKnownFileType = image.jpeg; path = "cliffside-market.jpeg"; sourceTree = "<group>"; };
		4F11982C15719463004E61F2 /* bant.jpeg */ = {isa = PBXFileReference; lastKnownFileType = image.jpeg; path = bant.jpeg; sourceTree = "<group>"; };
		4F11982D15719463004E61F2 /* agyrem.jpeg */ = {isa = PBXFileReference; lastKnownFileType = image.jpeg; path = agyrem.jpeg; sourceTree = "<group>"; };
		4FA428F115706FAF0050B09F /* academy-at-tolaria-west.jpeg */ = {isa = PBXFileReference; lastKnownFileType = image.jpeg; path = "academy-at-tolaria-west.jpeg"; sourceTree = "<group>"; };
		4FA428F215706FAF0050B09F /* llanowar.jpeg */ = {isa = PBXFileReference; lastKnownFileType = image.jpeg; path = llanowar.jpeg; sourceTree = "<group>"; };
		4FA428F315706FAF0050B09F /* minamo.jpeg */ = {isa = PBXFileReference; lastKnownFileType = image.jpeg; path = minamo.jpeg; sourceTree = "<group>"; };
		4FA428F415706FAF0050B09F /* planechase-logo.jpeg */ = {isa = PBXFileReference; lastKnownFileType = image.jpeg; path = "planechase-logo.jpeg"; sourceTree = "<group>"; };
		4FA428F515706FAF0050B09F /* Planeswalker_symbol_bw.png */ = {isa = PBXFileReference; lastKnownFileType = image.png; path = Planeswalker_symbol_bw.png; sourceTree = "<group>"; };
		4FB99B20157061C600E735E4 /* PlanesDeck.h */ = {isa = PBXFileReference; fileEncoding = 4; lastKnownFileType = sourcecode.c.h; path = PlanesDeck.h; sourceTree = "<group>"; };
		4FB99B21157061C600E735E4 /* PlanesDeck.m */ = {isa = PBXFileReference; fileEncoding = 4; lastKnownFileType = sourcecode.c.objc; path = PlanesDeck.m; sourceTree = "<group>"; };
		4FE04DD31570547D00577B49 /* iChasePlanes.app */ = {isa = PBXFileReference; explicitFileType = wrapper.application; includeInIndex = 0; path = iChasePlanes.app; sourceTree = BUILT_PRODUCTS_DIR; };
		4FE04DD71570547D00577B49 /* Cocoa.framework */ = {isa = PBXFileReference; lastKnownFileType = wrapper.framework; name = Cocoa.framework; path = System/Library/Frameworks/Cocoa.framework; sourceTree = SDKROOT; };
		4FE04DDA1570547D00577B49 /* AppKit.framework */ = {isa = PBXFileReference; lastKnownFileType = wrapper.framework; name = AppKit.framework; path = System/Library/Frameworks/AppKit.framework; sourceTree = SDKROOT; };
		4FE04DDB1570547D00577B49 /* CoreData.framework */ = {isa = PBXFileReference; lastKnownFileType = wrapper.framework; name = CoreData.framework; path = System/Library/Frameworks/CoreData.framework; sourceTree = SDKROOT; };
		4FE04DDC1570547D00577B49 /* Foundation.framework */ = {isa = PBXFileReference; lastKnownFileType = wrapper.framework; name = Foundation.framework; path = System/Library/Frameworks/Foundation.framework; sourceTree = SDKROOT; };
		4FE04DDF1570547D00577B49 /* iChasePlanes-Info.plist */ = {isa = PBXFileReference; lastKnownFileType = text.plist.xml; path = "iChasePlanes-Info.plist"; sourceTree = "<group>"; };
		4FE04DE11570547D00577B49 /* en */ = {isa = PBXFileReference; lastKnownFileType = text.plist.strings; name = en; path = en.lproj/InfoPlist.strings; sourceTree = "<group>"; };
		4FE04DE31570547D00577B49 /* main.m */ = {isa = PBXFileReference; lastKnownFileType = sourcecode.c.objc; path = main.m; sourceTree = "<group>"; };
		4FE04DE51570547D00577B49 /* iChasePlanes-Prefix.pch */ = {isa = PBXFileReference; lastKnownFileType = sourcecode.c.h; path = "iChasePlanes-Prefix.pch"; sourceTree = "<group>"; };
		4FE04DE71570547D00577B49 /* en */ = {isa = PBXFileReference; lastKnownFileType = text.rtf; name = en; path = en.lproj/Credits.rtf; sourceTree = "<group>"; };
		4FE04DE91570547D00577B49 /* AppDelegate.h */ = {isa = PBXFileReference; lastKnownFileType = sourcecode.c.h; path = AppDelegate.h; sourceTree = "<group>"; };
		4FE04DEA1570547D00577B49 /* AppDelegate.m */ = {isa = PBXFileReference; lastKnownFileType = sourcecode.c.objc; path = AppDelegate.m; sourceTree = "<group>"; };
		4FE04DED1570547D00577B49 /* en */ = {isa = PBXFileReference; lastKnownFileType = file.xib; name = en; path = en.lproj/MainMenu.xib; sourceTree = "<group>"; };
		4FE04DF41570547D00577B49 /* iChasePlanesTests.octest */ = {isa = PBXFileReference; explicitFileType = wrapper.cfbundle; includeInIndex = 0; path = iChasePlanesTests.octest; sourceTree = BUILT_PRODUCTS_DIR; };
		4FE04DF51570547D00577B49 /* SenTestingKit.framework */ = {isa = PBXFileReference; lastKnownFileType = wrapper.framework; name = SenTestingKit.framework; path = Library/Frameworks/SenTestingKit.framework; sourceTree = DEVELOPER_DIR; };
		4FE04DFC1570547D00577B49 /* iChasePlanesTests-Info.plist */ = {isa = PBXFileReference; lastKnownFileType = text.plist.xml; path = "iChasePlanesTests-Info.plist"; sourceTree = "<group>"; };
		4FE04DFE1570547D00577B49 /* en */ = {isa = PBXFileReference; lastKnownFileType = text.plist.strings; name = en; path = en.lproj/InfoPlist.strings; sourceTree = "<group>"; };
		4FE04E001570547D00577B49 /* iChasePlanesTests.h */ = {isa = PBXFileReference; lastKnownFileType = sourcecode.c.h; path = iChasePlanesTests.h; sourceTree = "<group>"; };
		4FE04E011570547D00577B49 /* iChasePlanesTests.m */ = {isa = PBXFileReference; lastKnownFileType = sourcecode.c.objc; path = iChasePlanesTests.m; sourceTree = "<group>"; };
/* End PBXFileReference section */

/* Begin PBXFrameworksBuildPhase section */
		4FE04DD01570547D00577B49 /* Frameworks */ = {
			isa = PBXFrameworksBuildPhase;
			buildActionMask = 2147483647;
			files = (
				4FE04DD81570547D00577B49 /* Cocoa.framework in Frameworks */,
			);
			runOnlyForDeploymentPostprocessing = 0;
		};
		4FE04DF01570547D00577B49 /* Frameworks */ = {
			isa = PBXFrameworksBuildPhase;
			buildActionMask = 2147483647;
			files = (
				4FE04DF61570547D00577B49 /* SenTestingKit.framework in Frameworks */,
				4FE04DF71570547D00577B49 /* Cocoa.framework in Frameworks */,
			);
			runOnlyForDeploymentPostprocessing = 0;
		};
/* End PBXFrameworksBuildPhase section */

/* Begin PBXGroup section */
		4F01C28C15715C88004371F1 /* Model */ = {
			isa = PBXGroup;
			children = (
				4FB99B20157061C600E735E4 /* PlanesDeck.h */,
				4FB99B21157061C600E735E4 /* PlanesDeck.m */,
				4F11980015716FBF004E61F2 /* PlaneCard.h */,
				4F11980115716FBF004E61F2 /* PlaneCard.m */,
			);
			name = Model;
			sourceTree = "<group>";
		};
		4F01C28E15715C9F004371F1 /* View */ = {
			isa = PBXGroup;
			children = (
				4FE04DEA1570547D00577B49 /* AppDelegate.m */,
				4FE04DE91570547D00577B49 /* AppDelegate.h */,
				4FE04DEC1570547D00577B49 /* MainMenu.xib */,
			);
			name = View;
			sourceTree = "<group>";
		};
		4F1197FB157163F9004E61F2 /* Controller */ = {
			isa = PBXGroup;
			children = (
				4F1197FD15716412004E61F2 /* PlanesXMLLoader.h */,
				4F1197FE15716412004E61F2 /* PlanesXMLLoader.m */,
			);
			name = Controller;
			sourceTree = "<group>";
		};
		4FA428F015706FAF0050B09F /* Resources */ = {
			isa = PBXGroup;
			children = (
				4F11980515719463004E61F2 /* tember-city.jpeg */,
				4F11980615719463004E61F2 /* mirrored-depths.jpeg */,
				4F11980715719463004E61F2 /* horizon-boughs-gateway-promo.jpeg */,
				4F11980815719463004E61F2 /* celestine-reef-pre-release-promo.jpeg */,
				4F11980915719463004E61F2 /* tazeem-release-promo.jpeg */,
				4F11980A15719463004E61F2 /* velis-vel.jpeg */,
				4F11980B15719463004E61F2 /* undercity-reaches.jpeg */,
				4F11980C15719463004E61F2 /* turri-island.jpeg */,
				4F11980D15719463004E61F2 /* stronghold-furnace.jpeg */,
				4F11980E15719463004E61F2 /* sokenzan.jpeg */,
				4F11980F15719463004E61F2 /* skybreen.jpeg */,
				4F11981015719463004E61F2 /* shiv.jpeg */,
				4F11981115719463004E61F2 /* sea-of-sand.jpeg */,
				4F11981215719463004E61F2 /* sanctum-of-serra.jpeg */,
				4F11981315719463004E61F2 /* ravens-run.jpeg */,
				4F11981415719463004E61F2 /* pools-of-becoming.jpeg */,
				4F11981515719463004E61F2 /* panopticon.jpeg */,
				4F11981615719463004E61F2 /* otaria.jpeg */,
				4F11981715719463004E61F2 /* naya.jpeg */,
				4F11981815719463004E61F2 /* naar-isle.jpeg */,
				4F11981915719463004E61F2 /* murasa.jpeg */,
				4F11981A15719463004E61F2 /* the-maelstrom.jpeg */,
				4F11981B15719463004E61F2 /* lethe-lake.jpeg */,
				4F11981C15719463004E61F2 /* krosa.jpeg */,
				4F11981D15719463004E61F2 /* izzet-steam-maze.jpeg */,
				4F11981E15719463004E61F2 /* isle-of-vesuva.jpeg */,
				4F11981F15719463004E61F2 /* immersturm.jpeg */,
				4F11982015719463004E61F2 /* the-hippodrome.jpeg */,
				4F11982115719463004E61F2 /* grixis.jpeg */,
				4F11982215719463004E61F2 /* the-great-forest.jpeg */,
				4F11982315719463004E61F2 /* goldmeadow.jpeg */,
				4F11982415719463004E61F2 /* glimmervoid-basin.jpeg */,
				4F11982515719463004E61F2 /* the-fourth-sphere.jpeg */,
				4F11982615719463004E61F2 /* fields-of-summer.jpeg */,
				4F11982715719463004E61F2 /* feeding-grounds.jpeg */,
				4F11982815719463004E61F2 /* the-eon-fog.jpeg */,
				4F11982915719463004E61F2 /* eloren-wilds.jpeg */,
				4F11982A15719463004E61F2 /* the-dark-barony.jpeg */,
				4F11982B15719463004E61F2 /* cliffside-market.jpeg */,
				4F11982C15719463004E61F2 /* bant.jpeg */,
				4F11982D15719463004E61F2 /* agyrem.jpeg */,
				4F11980315718C95004E61F2 /* the-aether-flues.jpeg */,
				4F01C28F15715DF4004371F1 /* planes.xml */,
				4FA428F115706FAF0050B09F /* academy-at-tolaria-west.jpeg */,
				4FA428F215706FAF0050B09F /* llanowar.jpeg */,
				4FA428F315706FAF0050B09F /* minamo.jpeg */,
				4FA428F415706FAF0050B09F /* planechase-logo.jpeg */,
				4FA428F515706FAF0050B09F /* Planeswalker_symbol_bw.png */,
			);
			name = Resources;
			path = iChasePlanes/Resources;
			sourceTree = "<group>";
		};
		4FE04DC81570547D00577B49 = {
			isa = PBXGroup;
			children = (
				4FA428F015706FAF0050B09F /* Resources */,
				4FE04DDD1570547D00577B49 /* iChasePlanes */,
				4FE04DFA1570547D00577B49 /* iChasePlanesTests */,
				4FE04DD61570547D00577B49 /* Frameworks */,
				4FE04DD41570547D00577B49 /* Products */,
			);
			sourceTree = "<group>";
		};
		4FE04DD41570547D00577B49 /* Products */ = {
			isa = PBXGroup;
			children = (
				4FE04DD31570547D00577B49 /* iChasePlanes.app */,
				4FE04DF41570547D00577B49 /* iChasePlanesTests.octest */,
			);
			name = Products;
			sourceTree = "<group>";
		};
		4FE04DD61570547D00577B49 /* Frameworks */ = {
			isa = PBXGroup;
			children = (
				4FE04DD71570547D00577B49 /* Cocoa.framework */,
				4FE04DF51570547D00577B49 /* SenTestingKit.framework */,
				4FE04DD91570547D00577B49 /* Other Frameworks */,
			);
			name = Frameworks;
			sourceTree = "<group>";
		};
		4FE04DD91570547D00577B49 /* Other Frameworks */ = {
			isa = PBXGroup;
			children = (
				4FE04DDA1570547D00577B49 /* AppKit.framework */,
				4FE04DDB1570547D00577B49 /* CoreData.framework */,
				4FE04DDC1570547D00577B49 /* Foundation.framework */,
			);
			name = "Other Frameworks";
			sourceTree = "<group>";
		};
		4FE04DDD1570547D00577B49 /* iChasePlanes */ = {
			isa = PBXGroup;
			children = (
				4F1197FB157163F9004E61F2 /* Controller */,
				4F01C28E15715C9F004371F1 /* View */,
				4F01C28C15715C88004371F1 /* Model */,
				4FE04DDE1570547D00577B49 /* Supporting Files */,
			);
			path = iChasePlanes;
			sourceTree = "<group>";
		};
		4FE04DDE1570547D00577B49 /* Supporting Files */ = {
			isa = PBXGroup;
			children = (
				4FE04DDF1570547D00577B49 /* iChasePlanes-Info.plist */,
				4FE04DE01570547D00577B49 /* InfoPlist.strings */,
				4FE04DE31570547D00577B49 /* main.m */,
				4FE04DE51570547D00577B49 /* iChasePlanes-Prefix.pch */,
				4FE04DE61570547D00577B49 /* Credits.rtf */,
			);
			name = "Supporting Files";
			sourceTree = "<group>";
		};
		4FE04DFA1570547D00577B49 /* iChasePlanesTests */ = {
			isa = PBXGroup;
			children = (
				4FE04E001570547D00577B49 /* iChasePlanesTests.h */,
				4FE04E011570547D00577B49 /* iChasePlanesTests.m */,
				4FE04DFB1570547D00577B49 /* Supporting Files */,
			);
			path = iChasePlanesTests;
			sourceTree = "<group>";
		};
		4FE04DFB1570547D00577B49 /* Supporting Files */ = {
			isa = PBXGroup;
			children = (
				4FE04DFC1570547D00577B49 /* iChasePlanesTests-Info.plist */,
				4FE04DFD1570547D00577B49 /* InfoPlist.strings */,
			);
			name = "Supporting Files";
			sourceTree = "<group>";
		};
/* End PBXGroup section */

/* Begin PBXNativeTarget section */
		4FE04DD21570547D00577B49 /* iChasePlanes */ = {
			isa = PBXNativeTarget;
			buildConfigurationList = 4FE04E051570547D00577B49 /* Build configuration list for PBXNativeTarget "iChasePlanes" */;
			buildPhases = (
				4FE04DCF1570547D00577B49 /* Sources */,
				4FE04DD01570547D00577B49 /* Frameworks */,
				4FE04DD11570547D00577B49 /* Resources */,
			);
			buildRules = (
			);
			dependencies = (
			);
			name = iChasePlanes;
			productName = iChasePlanes;
			productReference = 4FE04DD31570547D00577B49 /* iChasePlanes.app */;
			productType = "com.apple.product-type.application";
		};
		4FE04DF31570547D00577B49 /* iChasePlanesTests */ = {
			isa = PBXNativeTarget;
			buildConfigurationList = 4FE04E081570547D00577B49 /* Build configuration list for PBXNativeTarget "iChasePlanesTests" */;
			buildPhases = (
				4FE04DEF1570547D00577B49 /* Sources */,
				4FE04DF01570547D00577B49 /* Frameworks */,
				4FE04DF11570547D00577B49 /* Resources */,
				4FE04DF21570547D00577B49 /* ShellScript */,
			);
			buildRules = (
			);
			dependencies = (
				4FE04DF91570547D00577B49 /* PBXTargetDependency */,
			);
			name = iChasePlanesTests;
			productName = iChasePlanesTests;
			productReference = 4FE04DF41570547D00577B49 /* iChasePlanesTests.octest */;
			productType = "com.apple.product-type.bundle";
		};
/* End PBXNativeTarget section */

/* Begin PBXProject section */
		4FE04DCA1570547D00577B49 /* Project object */ = {
			isa = PBXProject;
			attributes = {
				LastUpgradeCheck = 0430;
			};
			buildConfigurationList = 4FE04DCD1570547D00577B49 /* Build configuration list for PBXProject "iChasePlanes" */;
			compatibilityVersion = "Xcode 3.2";
			developmentRegion = English;
			hasScannedForEncodings = 0;
			knownRegions = (
				en,
			);
			mainGroup = 4FE04DC81570547D00577B49;
			productRefGroup = 4FE04DD41570547D00577B49 /* Products */;
			projectDirPath = "";
			projectRoot = "";
			targets = (
				4FE04DD21570547D00577B49 /* iChasePlanes */,
				4FE04DF31570547D00577B49 /* iChasePlanesTests */,
			);
		};
/* End PBXProject section */

/* Begin PBXResourcesBuildPhase section */
		4FE04DD11570547D00577B49 /* Resources */ = {
			isa = PBXResourcesBuildPhase;
			buildActionMask = 2147483647;
			files = (
				4FE04DE21570547D00577B49 /* InfoPlist.strings in Resources */,
				4FE04DE81570547D00577B49 /* Credits.rtf in Resources */,
				4FE04DEE1570547D00577B49 /* MainMenu.xib in Resources */,
				4FA428F615706FAF0050B09F /* academy-at-tolaria-west.jpeg in Resources */,
				4FA428F715706FAF0050B09F /* llanowar.jpeg in Resources */,
				4FA428F815706FAF0050B09F /* minamo.jpeg in Resources */,
				4FA428F915706FAF0050B09F /* planechase-logo.jpeg in Resources */,
				4FA428FA15706FAF0050B09F /* Planeswalker_symbol_bw.png in Resources */,
				4F01C29015715DF4004371F1 /* planes.xml in Resources */,
				4F11980415718C95004E61F2 /* the-aether-flues.jpeg in Resources */,
				4F11982E15719463004E61F2 /* tember-city.jpeg in Resources */,
				4F11982F15719463004E61F2 /* mirrored-depths.jpeg in Resources */,
				4F11983015719463004E61F2 /* horizon-boughs-gateway-promo.jpeg in Resources */,
				4F11983115719463004E61F2 /* celestine-reef-pre-release-promo.jpeg in Resources */,
				4F11983215719463004E61F2 /* tazeem-release-promo.jpeg in Resources */,
				4F11983315719463004E61F2 /* velis-vel.jpeg in Resources */,
				4F11983415719463004E61F2 /* undercity-reaches.jpeg in Resources */,
				4F11983515719463004E61F2 /* turri-island.jpeg in Resources */,
				4F11983615719463004E61F2 /* stronghold-furnace.jpeg in Resources */,
				4F11983715719463004E61F2 /* sokenzan.jpeg in Resources */,
				4F11983815719463004E61F2 /* skybreen.jpeg in Resources */,
				4F11983915719463004E61F2 /* shiv.jpeg in Resources */,
				4F11983A15719463004E61F2 /* sea-of-sand.jpeg in Resources */,
				4F11983B15719463004E61F2 /* sanctum-of-serra.jpeg in Resources */,
				4F11983C15719463004E61F2 /* ravens-run.jpeg in Resources */,
				4F11983D15719463004E61F2 /* pools-of-becoming.jpeg in Resources */,
				4F11983E15719463004E61F2 /* panopticon.jpeg in Resources */,
				4F11983F15719463004E61F2 /* otaria.jpeg in Resources */,
				4F11984015719463004E61F2 /* naya.jpeg in Resources */,
				4F11984115719463004E61F2 /* naar-isle.jpeg in Resources */,
				4F11984215719463004E61F2 /* murasa.jpeg in Resources */,
				4F11984315719463004E61F2 /* the-maelstrom.jpeg in Resources */,
				4F11984415719463004E61F2 /* lethe-lake.jpeg in Resources */,
				4F11984515719463004E61F2 /* krosa.jpeg in Resources */,
				4F11984615719463004E61F2 /* izzet-steam-maze.jpeg in Resources */,
				4F11984715719463004E61F2 /* isle-of-vesuva.jpeg in Resources */,
				4F11984815719463004E61F2 /* immersturm.jpeg in Resources */,
				4F11984915719463004E61F2 /* the-hippodrome.jpeg in Resources */,
				4F11984A15719463004E61F2 /* grixis.jpeg in Resources */,
				4F11984B15719463004E61F2 /* the-great-forest.jpeg in Resources */,
				4F11984C15719463004E61F2 /* goldmeadow.jpeg in Resources */,
				4F11984D15719463004E61F2 /* glimmervoid-basin.jpeg in Resources */,
				4F11984E15719463004E61F2 /* the-fourth-sphere.jpeg in Resources */,
				4F11984F15719463004E61F2 /* fields-of-summer.jpeg in Resources */,
				4F11985015719463004E61F2 /* feeding-grounds.jpeg in Resources */,
				4F11985115719463004E61F2 /* the-eon-fog.jpeg in Resources */,
				4F11985215719463004E61F2 /* eloren-wilds.jpeg in Resources */,
				4F11985315719463004E61F2 /* the-dark-barony.jpeg in Resources */,
				4F11985415719463004E61F2 /* cliffside-market.jpeg in Resources */,
				4F11985515719463004E61F2 /* bant.jpeg in Resources */,
				4F11985615719463004E61F2 /* agyrem.jpeg in Resources */,
			);
			runOnlyForDeploymentPostprocessing = 0;
		};
		4FE04DF11570547D00577B49 /* Resources */ = {
			isa = PBXResourcesBuildPhase;
			buildActionMask = 2147483647;
			files = (
				4FE04DFF1570547D00577B49 /* InfoPlist.strings in Resources */,
				4F01C29115715DF4004371F1 /* planes.xml in Resources */,
			);
			runOnlyForDeploymentPostprocessing = 0;
		};
/* End PBXResourcesBuildPhase section */

/* Begin PBXShellScriptBuildPhase section */
		4FE04DF21570547D00577B49 /* ShellScript */ = {
			isa = PBXShellScriptBuildPhase;
			buildActionMask = 2147483647;
			files = (
			);
			inputPaths = (
			);
			outputPaths = (
			);
			runOnlyForDeploymentPostprocessing = 0;
			shellPath = /bin/sh;
			shellScript = "# Run the unit tests in this test bundle.\n\"${SYSTEM_DEVELOPER_DIR}/Tools/RunUnitTests\"\n";
		};
/* End PBXShellScriptBuildPhase section */

/* Begin PBXSourcesBuildPhase section */
		4FE04DCF1570547D00577B49 /* Sources */ = {
			isa = PBXSourcesBuildPhase;
			buildActionMask = 2147483647;
			files = (
				4FE04DE41570547D00577B49 /* main.m in Sources */,
				4FE04DEB1570547D00577B49 /* AppDelegate.m in Sources */,
				4FB99B22157061C600E735E4 /* PlanesDeck.m in Sources */,
				4F1197FF15716412004E61F2 /* PlanesXMLLoader.m in Sources */,
				4F11980215716FBF004E61F2 /* PlaneCard.m in Sources */,
			);
			runOnlyForDeploymentPostprocessing = 0;
		};
		4FE04DEF1570547D00577B49 /* Sources */ = {
			isa = PBXSourcesBuildPhase;
			buildActionMask = 2147483647;
			files = (
				4FE04E021570547D00577B49 /* iChasePlanesTests.m in Sources */,
			);
			runOnlyForDeploymentPostprocessing = 0;
		};
/* End PBXSourcesBuildPhase section */

/* Begin PBXTargetDependency section */
		4FE04DF91570547D00577B49 /* PBXTargetDependency */ = {
			isa = PBXTargetDependency;
			target = 4FE04DD21570547D00577B49 /* iChasePlanes */;
			targetProxy = 4FE04DF81570547D00577B49 /* PBXContainerItemProxy */;
		};
/* End PBXTargetDependency section */

/* Begin PBXVariantGroup section */
		4FE04DE01570547D00577B49 /* InfoPlist.strings */ = {
			isa = PBXVariantGroup;
			children = (
				4FE04DE11570547D00577B49 /* en */,
			);
			name = InfoPlist.strings;
			sourceTree = "<group>";
		};
		4FE04DE61570547D00577B49 /* Credits.rtf */ = {
			isa = PBXVariantGroup;
			children = (
				4FE04DE71570547D00577B49 /* en */,
			);
			name = Credits.rtf;
			sourceTree = "<group>";
		};
		4FE04DEC1570547D00577B49 /* MainMenu.xib */ = {
			isa = PBXVariantGroup;
			children = (
				4FE04DED1570547D00577B49 /* en */,
			);
			name = MainMenu.xib;
			sourceTree = "<group>";
		};
		4FE04DFD1570547D00577B49 /* InfoPlist.strings */ = {
			isa = PBXVariantGroup;
			children = (
				4FE04DFE1570547D00577B49 /* en */,
			);
			name = InfoPlist.strings;
			sourceTree = "<group>";
		};
/* End PBXVariantGroup section */

/* Begin XCBuildConfiguration section */
		4FE04E031570547D00577B49 /* Debug */ = {
			isa = XCBuildConfiguration;
			buildSettings = {
				ALWAYS_SEARCH_USER_PATHS = NO;
				ARCHS = "$(ARCHS_STANDARD_64_BIT)";
				CLANG_ENABLE_OBJC_ARC = YES;
				COPY_PHASE_STRIP = NO;
				GCC_C_LANGUAGE_STANDARD = gnu99;
				GCC_DYNAMIC_NO_PIC = NO;
				GCC_ENABLE_OBJC_EXCEPTIONS = YES;
				GCC_OPTIMIZATION_LEVEL = 0;
				GCC_PREPROCESSOR_DEFINITIONS = (
					"DEBUG=1",
					"$(inherited)",
				);
				GCC_SYMBOLS_PRIVATE_EXTERN = NO;
				GCC_VERSION = com.apple.compilers.llvm.clang.1_0;
				GCC_WARN_64_TO_32_BIT_CONVERSION = YES;
				GCC_WARN_ABOUT_RETURN_TYPE = YES;
				GCC_WARN_UNINITIALIZED_AUTOS = YES;
				GCC_WARN_UNUSED_VARIABLE = YES;
				MACOSX_DEPLOYMENT_TARGET = 10.7;
				ONLY_ACTIVE_ARCH = YES;
				SDKROOT = macosx;
			};
			name = Debug;
		};
		4FE04E041570547D00577B49 /* Release */ = {
			isa = XCBuildConfiguration;
			buildSettings = {
				ALWAYS_SEARCH_USER_PATHS = NO;
				ARCHS = "$(ARCHS_STANDARD_64_BIT)";
				CLANG_ENABLE_OBJC_ARC = YES;
				COPY_PHASE_STRIP = YES;
				DEBUG_INFORMATION_FORMAT = "dwarf-with-dsym";
				GCC_C_LANGUAGE_STANDARD = gnu99;
				GCC_ENABLE_OBJC_EXCEPTIONS = YES;
				GCC_VERSION = com.apple.compilers.llvm.clang.1_0;
				GCC_WARN_64_TO_32_BIT_CONVERSION = YES;
				GCC_WARN_ABOUT_RETURN_TYPE = YES;
				GCC_WARN_UNINITIALIZED_AUTOS = YES;
				GCC_WARN_UNUSED_VARIABLE = YES;
				MACOSX_DEPLOYMENT_TARGET = 10.7;
				SDKROOT = macosx;
			};
			name = Release;
		};
		4FE04E061570547D00577B49 /* Debug */ = {
			isa = XCBuildConfiguration;
			buildSettings = {
				GCC_PRECOMPILE_PREFIX_HEADER = YES;
				GCC_PREFIX_HEADER = "iChasePlanes/iChasePlanes-Prefix.pch";
				INFOPLIST_FILE = "iChasePlanes/iChasePlanes-Info.plist";
				PRODUCT_NAME = "$(TARGET_NAME)";
				WRAPPER_EXTENSION = app;
			};
			name = Debug;
		};
		4FE04E071570547D00577B49 /* Release */ = {
			isa = XCBuildConfiguration;
			buildSettings = {
				GCC_PRECOMPILE_PREFIX_HEADER = YES;
				GCC_PREFIX_HEADER = "iChasePlanes/iChasePlanes-Prefix.pch";
				INFOPLIST_FILE = "iChasePlanes/iChasePlanes-Info.plist";
				PRODUCT_NAME = "$(TARGET_NAME)";
				WRAPPER_EXTENSION = app;
			};
			name = Release;
		};
		4FE04E091570547D00577B49 /* Debug */ = {
			isa = XCBuildConfiguration;
			buildSettings = {
				BUNDLE_LOADER = "$(BUILT_PRODUCTS_DIR)/iChasePlanes.app/Contents/MacOS/iChasePlanes";
				FRAMEWORK_SEARCH_PATHS = "$(DEVELOPER_LIBRARY_DIR)/Frameworks";
				GCC_PRECOMPILE_PREFIX_HEADER = YES;
				GCC_PREFIX_HEADER = "iChasePlanes/iChasePlanes-Prefix.pch";
				INFOPLIST_FILE = "iChasePlanesTests/iChasePlanesTests-Info.plist";
				PRODUCT_NAME = "$(TARGET_NAME)";
				TEST_HOST = "$(BUNDLE_LOADER)";
				WRAPPER_EXTENSION = octest;
			};
			name = Debug;
		};
		4FE04E0A1570547D00577B49 /* Release */ = {
			isa = XCBuildConfiguration;
			buildSettings = {
				BUNDLE_LOADER = "$(BUILT_PRODUCTS_DIR)/iChasePlanes.app/Contents/MacOS/iChasePlanes";
				FRAMEWORK_SEARCH_PATHS = "$(DEVELOPER_LIBRARY_DIR)/Frameworks";
				GCC_PRECOMPILE_PREFIX_HEADER = YES;
				GCC_PREFIX_HEADER = "iChasePlanes/iChasePlanes-Prefix.pch";
				INFOPLIST_FILE = "iChasePlanesTests/iChasePlanesTests-Info.plist";
				PRODUCT_NAME = "$(TARGET_NAME)";
				TEST_HOST = "$(BUNDLE_LOADER)";
				WRAPPER_EXTENSION = octest;
			};
			name = Release;
		};
/* End XCBuildConfiguration section */

/* Begin XCConfigurationList section */
		4FE04DCD1570547D00577B49 /* Build configuration list for PBXProject "iChasePlanes" */ = {
			isa = XCConfigurationList;
			buildConfigurations = (
				4FE04E031570547D00577B49 /* Debug */,
				4FE04E041570547D00577B49 /* Release */,
			);
			defaultConfigurationIsVisible = 0;
			defaultConfigurationName = Release;
		};
		4FE04E051570547D00577B49 /* Build configuration list for PBXNativeTarget "iChasePlanes" */ = {
			isa = XCConfigurationList;
			buildConfigurations = (
				4FE04E061570547D00577B49 /* Debug */,
				4FE04E071570547D00577B49 /* Release */,
			);
			defaultConfigurationIsVisible = 0;
			defaultConfigurationName = Release;
		};
		4FE04E081570547D00577B49 /* Build configuration list for PBXNativeTarget "iChasePlanesTests" */ = {
			isa = XCConfigurationList;
			buildConfigurations = (
				4FE04E091570547D00577B49 /* Debug */,
				4FE04E0A1570547D00577B49 /* Release */,
			);
			defaultConfigurationIsVisible = 0;
			defaultConfigurationName = Release;
		};
/* End XCConfigurationList section */
	};
	rootObject = 4FE04DCA1570547D00577B49 /* Project object */;
}
